
Microsoft Visual Studio Solution File, Format Version 12.00
# Visual Studio Version 17
VisualStudioVersion = 17.6.33717.318
MinimumVisualStudioVersion = 10.0.40219.1
Project("{9A19103F-16F7-4668-BE54-9A1E7A4F7556}") = "Emu6502", "Emu6502\Emu6502.csproj", "{EBA56E1D-26BF-4661-BEDD-9AF291B58DDB}"
EndProject
Project("{9A19103F-16F7-4668-BE54-9A1E7A4F7556}") = "Emu6502.Tests.Unit", "Emu6502.Tests.Unit\Emu6502.Tests.Unit.csproj", "{EBE0C86D-BE81-47D7-8868-4D4E0C42A014}"
EndProject
Project("{9A19103F-16F7-4668-BE54-9A1E7A4F7556}") = "Emu6502.Console", "Emu6502.Console\Emu6502.Console.csproj", "{7DB51240-108B-43BE-8B7C-24EC28FCFF04}"
EndProject
Global
	GlobalSection(SolutionConfigurationPlatforms) = preSolution
		Debug|Any CPU = Debug|Any CPU
		Release|Any CPU = Release|Any CPU
	EndGlobalSection
	GlobalSection(ProjectConfigurationPlatforms) = postSolution
		{EBA56E1D-26BF-4661-BEDD-9AF291B58DDB}.Debug|Any CPU.ActiveCfg = Debug|Any CPU
		{EBA56E1D-26BF-4661-BEDD-9AF291B58DDB}.Debug|Any CPU.Build.0 = Debug|Any CPU
		{EBA56E1D-26BF-4661-BEDD-9AF291B58DDB}.Release|Any CPU.ActiveCfg = Release|Any CPU
		{EBA56E1D-26BF-4661-BEDD-9AF291B58DDB}.Release|Any CPU.Build.0 = Release|Any CPU
		{EBE0C86D-BE81-47D7-8868-4D4E0C42A014}.Debug|Any CPU.ActiveCfg = Debug|Any CPU
		{EBE0C86D-BE81-47D7-8868-4D4E0C42A014}.Debug|Any CPU.Build.0 = Debug|Any CPU
		{EBE0C86D-BE81-47D7-8868-4D4E0C42A014}.Release|Any CPU.ActiveCfg = Release|Any CPU
		{EBE0C86D-BE81-47D7-8868-4D4E0C42A014}.Release|Any CPU.Build.0 = Release|Any CPU
		{7DB51240-108B-43BE-8B7C-24EC28FCFF04}.Debug|Any CPU.ActiveCfg = Debug|Any CPU
		{7DB51240-108B-43BE-8B7C-24EC28FCFF04}.Debug|Any CPU.Build.0 = Debug|Any CPU
		{7DB51240-108B-43BE-8B7C-24EC28FCFF04}.Release|Any CPU.ActiveCfg = Release|Any CPU
		{7DB51240-108B-43BE-8B7C-24EC28FCFF04}.Release|Any CPU.Build.0 = Release|Any CPU
	EndGlobalSection
	GlobalSection(SolutionProperties) = preSolution
		HideSolutionNode = FALSE
	EndGlobalSection
	GlobalSection(ExtensibilityGlobals) = postSolution
		SolutionGuid = {B61EC733-6FB9-474A-95F3-A1B94D4BBD52}
	EndGlobalSection
EndGlobal
